github.com/olverhijnzoon/1764Snippets/golang/interfaces/mystore v0.0.0-20240116104910-036fb0aa3c4e h1:E2IHoMeiZr8NpArpd8/RMDapB2fCq2JG3AOwb5kiPoo=
github.com/olverhijnzoon/1764Snippets/golang/interfaces/mystore v0.0.0-20240116104910-036fb0aa3c4e/go.mod h1:63n0Behlw5v0EbHMnxO11JNxXlVX2+s3+CgO874gYjU=
github.com/olverhijnzoon/1764Snippets/golang/interfaces/storecle v0.0.0-20240116104910-036fb0aa3c4e h1:5uukGx0hSklLQl81kf4i23qazbO3kzaGPy5lklKhb6E=
github.com/olverhijnzoon/1764Snippets/golang/interfaces/storecle v0.0.0-20240116104910-036fb0aa3c4e/go.mod h1:U3O+fYWnAEXfyJLkdoMzh5OYO4Gkn4JP2+zYGLT8X5I=
