github.com/advancedclimatesystems/goldfish v0.0.0-20180913141740-7c577fff5f3f h1:q1QmjRr8BCUT41dd328fbca5nOQw7eYuvV+x+dZHAA8=
github.com/advancedclimatesystems/goldfish v0.0.0-20180913141740-7c577fff5f3f/go.mod h1:fk+Y/vCfNUtrH2YA8bFkyenMNyo6wB6lkJGJeKmYKnI=
github.com/goburrow/modbus v0.1.0 h1:DejRZY73nEM6+bt5JSP6IsFolJ9dVcqxsYbpLbeW/ro=
github.com/goburrow/modbus v0.1.0/go.mod h1:Kx552D5rLIS8E7TyUwQ/UdHEqvX5T8tyiGBTlzMcZBg=
github.com/goburrow/serial v0.1.0 h1:v2T1SQa/dlUqQiYIT8+Cu7YolfqAi3K96UmhwYyuSrA=
github.com/goburrow/serial v0.1.0/go.mod h1:sAiqG0nRVswsm1C97xsttiYCzSLBmUZ/VSlVLZJ8haA=
github.com/stretchr/testify v1.8.4/go.mod h1:sz/lmYIOXD/1dqDmKjjqLyZ2RngseejIcXlSw2iwfAo=
